
Microsoft Visual Studio Solution File, Format Version 12.00
# Visual Studio Version 17
VisualStudioVersion = 17.7.34009.444
MinimumVisualStudioVersion = 10.0.40219.1
Project("{FAE04EC0-301F-11D3-BF4B-00C04F79EFBC}") = "IMC", "IMC\IMC.csproj", "{C723B0C4-ADDF-4752-BD87-6BB6A3D82040}"
EndProject
Global
	GlobalSection(SolutionConfigurationPlatforms) = preSolution
		Debug|Any CPU = Debug|Any CPU
		Release|Any CPU = Release|Any CPU
	EndGlobalSection
	GlobalSection(ProjectConfigurationPlatforms) = postSolution
		{C723B0C4-ADDF-4752-BD87-6BB6A3D82040}.Debug|Any CPU.ActiveCfg = Debug|Any CPU
		{C723B0C4-ADDF-4752-BD87-6BB6A3D82040}.Debug|Any CPU.Build.0 = Debug|Any CPU
		{C723B0C4-ADDF-4752-BD87-6BB6A3D82040}.Release|Any CPU.ActiveCfg = Release|Any CPU
		{C723B0C4-ADDF-4752-BD87-6BB6A3D82040}.Release|Any CPU.Build.0 = Release|Any CPU
	EndGlobalSection
	GlobalSection(SolutionProperties) = preSolution
		HideSolutionNode = FALSE
	EndGlobalSection
	GlobalSection(ExtensibilityGlobals) = postSolution
		SolutionGuid = {C90E6D9C-CD4E-4987-899B-2462817D103D}
	EndGlobalSection
EndGlobal
